
Microsoft Visual Studio Solution File, Format Version 12.00
# Visual Studio Version 16
VisualStudioVersion = 16.0.31205.134
MinimumVisualStudioVersion = 10.0.40219.1
Project("{9A19103F-16F7-4668-BE54-9A1E7A4F7556}") = "DataTransferLib", "DataTransferLib\DataTransferLib.csproj", "{83DA071F-41B6-4C21-BBF9-25A86D1924F2}"
EndProject
Project("{FAE04EC0-301F-11D3-BF4B-00C04F79EFBC}") = "ClientApp", "ClientApp\ClientApp\ClientApp.csproj", "{93AEEC96-1175-4587-B100-6F337643A115}"
EndProject
Global
	GlobalSection(SolutionConfigurationPlatforms) = preSolution
		Debug|Any CPU = Debug|Any CPU
		Release|Any CPU = Release|Any CPU
	EndGlobalSection
	GlobalSection(ProjectConfigurationPlatforms) = postSolution
		{83DA071F-41B6-4C21-BBF9-25A86D1924F2}.Debug|Any CPU.ActiveCfg = Debug|Any CPU
		{83DA071F-41B6-4C21-BBF9-25A86D1924F2}.Debug|Any CPU.Build.0 = Debug|Any CPU
		{83DA071F-41B6-4C21-BBF9-25A86D1924F2}.Release|Any CPU.ActiveCfg = Release|Any CPU
		{83DA071F-41B6-4C21-BBF9-25A86D1924F2}.Release|Any CPU.Build.0 = Release|Any CPU
		{93AEEC96-1175-4587-B100-6F337643A115}.Debug|Any CPU.ActiveCfg = Debug|Any CPU
		{93AEEC96-1175-4587-B100-6F337643A115}.Debug|Any CPU.Build.0 = Debug|Any CPU
		{93AEEC96-1175-4587-B100-6F337643A115}.Release|Any CPU.ActiveCfg = Release|Any CPU
		{93AEEC96-1175-4587-B100-6F337643A115}.Release|Any CPU.Build.0 = Release|Any CPU
	EndGlobalSection
	GlobalSection(SolutionProperties) = preSolution
		HideSolutionNode = FALSE
	EndGlobalSection
	GlobalSection(ExtensibilityGlobals) = postSolution
		SolutionGuid = {3DAD45C8-2412-46CF-BFE8-1F46D09E4EE3}
	EndGlobalSection
EndGlobal
